// !$*UTF8*$!
{
	archiveVersion = 1;
	classes = {
	};
	objectVersion = 50;
	objects = {

/* Begin PBXBuildFile section */
		7D8BAB3D256986D9001F7374 /* AppDelegate.swift in Sources */ = {isa = PBXBuildFile; fileRef = 7D8BAB3C256986D9001F7374 /* AppDelegate.swift */; };
		7D8BAB3F256986D9001F7374 /* SceneDelegate.swift in Sources */ = {isa = PBXBuildFile; fileRef = 7D8BAB3E256986D9001F7374 /* SceneDelegate.swift */; };
		7D8BAB41256986D9001F7374 /* ViewController.swift in Sources */ = {isa = PBXBuildFile; fileRef = 7D8BAB40256986D9001F7374 /* ViewController.swift */; };
		7D8BAB44256986D9001F7374 /* Main.storyboard in Resources */ = {isa = PBXBuildFile; fileRef = 7D8BAB42256986D9001F7374 /* Main.storyboard */; };
		7D8BAB46256986DB001F7374 /* Assets.xcassets in Resources */ = {isa = PBXBuildFile; fileRef = 7D8BAB45256986DB001F7374 /* Assets.xcassets */; };
		7D8BAB49256986DB001F7374 /* LaunchScreen.storyboard in Resources */ = {isa = PBXBuildFile; fileRef = 7D8BAB47256986DB001F7374 /* LaunchScreen.storyboard */; };
		7D8BAB5625698719001F7374 /* CustomCollectionViewCell.swift in Sources */ = {isa = PBXBuildFile; fileRef = 7D8BAB5425698719001F7374 /* CustomCollectionViewCell.swift */; };
		7D8BAB5725698719001F7374 /* CustomCollectionViewCell.xib in Resources */ = {isa = PBXBuildFile; fileRef = 7D8BAB5525698719001F7374 /* CustomCollectionViewCell.xib */; };
		7D8BAB5C25699C7F001F7374 /* CustomTableViewCell.swift in Sources */ = {isa = PBXBuildFile; fileRef = 7D8BAB5A25699C7F001F7374 /* CustomTableViewCell.swift */; };
		7D8BAB5D25699C7F001F7374 /* CustomTableViewCell.xib in Resources */ = {isa = PBXBuildFile; fileRef = 7D8BAB5B25699C7F001F7374 /* CustomTableViewCell.xib */; };
		7D8BAB6125699DA5001F7374 /* NameDescribable.swift in Sources */ = {isa = PBXBuildFile; fileRef = 7D8BAB6025699DA5001F7374 /* NameDescribable.swift */; };
/* End PBXBuildFile section */

/* Begin PBXFileReference section */
		7D8BAB39256986D9001F7374 /* UICollectionViewWithinUITableViewCell.app */ = {isa = PBXFileReference; explicitFileType = wrapper.application; includeInIndex = 0; path = UICollectionViewWithinUITableViewCell.app; sourceTree = BUILT_PRODUCTS_DIR; };
		7D8BAB3C256986D9001F7374 /* AppDelegate.swift */ = {isa = PBXFileReference; lastKnownFileType = sourcecode.swift; path = AppDelegate.swift; sourceTree = "<group>"; };
		7D8BAB3E256986D9001F7374 /* SceneDelegate.swift */ = {isa = PBXFileReference; lastKnownFileType = sourcecode.swift; path = SceneDelegate.swift; sourceTree = "<group>"; };
		7D8BAB40256986D9001F7374 /* ViewController.swift */ = {isa = PBXFileReference; lastKnownFileType = sourcecode.swift; path = ViewController.swift; sourceTree = "<group>"; };
		7D8BAB43256986D9001F7374 /* Base */ = {isa = PBXFileReference; lastKnownFileType = file.storyboard; name = Base; path = Base.lproj/Main.storyboard; sourceTree = "<group>"; };
		7D8BAB45256986DB001F7374 /* Assets.xcassets */ = {isa = PBXFileReference; lastKnownFileType = folder.assetcatalog; path = Assets.xcassets; sourceTree = "<group>"; };
		7D8BAB48256986DB001F7374 /* Base */ = {isa = PBXFileReference; lastKnownFileType = file.storyboard; name = Base; path = Base.lproj/LaunchScreen.storyboard; sourceTree = "<group>"; };
		7D8BAB4A256986DB001F7374 /* Info.plist */ = {isa = PBXFileReference; lastKnownFileType = text.plist.xml; path = Info.plist; sourceTree = "<group>"; };
		7D8BAB5425698719001F7374 /* CustomCollectionViewCell.swift */ = {isa = PBXFileReference; lastKnownFileType = sourcecode.swift; path = CustomCollectionViewCell.swift; sourceTree = "<group>"; };
		7D8BAB5525698719001F7374 /* CustomCollectionViewCell.xib */ = {isa = PBXFileReference; lastKnownFileType = file.xib; path = CustomCollectionViewCell.xib; sourceTree = "<group>"; };
		7D8BAB5A25699C7F001F7374 /* CustomTableViewCell.swift */ = {isa = PBXFileReference; lastKnownFileType = sourcecode.swift; path = CustomTableViewCell.swift; sourceTree = "<group>"; };
		7D8BAB5B25699C7F001F7374 /* CustomTableViewCell.xib */ = {isa = PBXFileReference; lastKnownFileType = file.xib; path = CustomTableViewCell.xib; sourceTree = "<group>"; };
		7D8BAB6025699DA5001F7374 /* NameDescribable.swift */ = {isa = PBXFileReference; lastKnownFileType = sourcecode.swift; path = NameDescribable.swift; sourceTree = "<group>"; };
/* End PBXFileReference section */

/* Begin PBXFrameworksBuildPhase section */
		7D8BAB36256986D9001F7374 /* Frameworks */ = {
			isa = PBXFrameworksBuildPhase;
			buildActionMask = 2147483647;
			files = (
			);
			runOnlyForDeploymentPostprocessing = 0;
		};
/* End PBXFrameworksBuildPhase section */

/* Begin PBXGroup section */
		7D8BAB30256986D9001F7374 = {
			isa = PBXGroup;
			children = (
				7D8BAB3B256986D9001F7374 /* UICollectionViewWithinUITableViewCell */,
				7D8BAB3A256986D9001F7374 /* Products */,
			);
			sourceTree = "<group>";
		};
		7D8BAB3A256986D9001F7374 /* Products */ = {
			isa = PBXGroup;
			children = (
				7D8BAB39256986D9001F7374 /* UICollectionViewWithinUITableViewCell.app */,
			);
			name = Products;
			sourceTree = "<group>";
		};
		7D8BAB3B256986D9001F7374 /* UICollectionViewWithinUITableViewCell */ = {
			isa = PBXGroup;
			children = (
				7D8BAB5F25699D83001F7374 /* NameDescribable */,
				7D8BAB53256986F8001F7374 /* UI */,
				7D8BAB51256986EB001F7374 /* Supporting Files */,
				7D8BAB40256986D9001F7374 /* ViewController.swift */,
				7D8BAB42256986D9001F7374 /* Main.storyboard */,
				7D8BAB4A256986DB001F7374 /* Info.plist */,
			);
			path = UICollectionViewWithinUITableViewCell;
			sourceTree = "<group>";
		};
		7D8BAB51256986EB001F7374 /* Supporting Files */ = {
			isa = PBXGroup;
			children = (
				7D8BAB3C256986D9001F7374 /* AppDelegate.swift */,
				7D8BAB3E256986D9001F7374 /* SceneDelegate.swift */,
				7D8BAB45256986DB001F7374 /* Assets.xcassets */,
				7D8BAB47256986DB001F7374 /* LaunchScreen.storyboard */,
			);
			path = "Supporting Files";
			sourceTree = "<group>";
		};
		7D8BAB53256986F8001F7374 /* UI */ = {
			isa = PBXGroup;
			children = (
				7D8BAB5425698719001F7374 /* CustomCollectionViewCell.swift */,
				7D8BAB5525698719001F7374 /* CustomCollectionViewCell.xib */,
				7D8BAB5A25699C7F001F7374 /* CustomTableViewCell.swift */,
				7D8BAB5B25699C7F001F7374 /* CustomTableViewCell.xib */,
			);
			name = UI;
			sourceTree = "<group>";
		};
		7D8BAB5F25699D83001F7374 /* NameDescribable */ = {
			isa = PBXGroup;
			children = (
				7D8BAB6025699DA5001F7374 /* NameDescribable.swift */,
			);
			path = NameDescribable;
			sourceTree = "<group>";
		};
/* End PBXGroup section */

/* Begin PBXNativeTarget section */
		7D8BAB38256986D9001F7374 /* UICollectionViewWithinUITableViewCell */ = {
			isa = PBXNativeTarget;
			buildConfigurationList = 7D8BAB4D256986DB001F7374 /* Build configuration list for PBXNativeTarget "UICollectionViewWithinUITableViewCell" */;
			buildPhases = (
				7D8BAB35256986D9001F7374 /* Sources */,
				7D8BAB36256986D9001F7374 /* Frameworks */,
				7D8BAB37256986D9001F7374 /* Resources */,
			);
			buildRules = (
			);
			dependencies = (
			);
			name = UICollectionViewWithinUITableViewCell;
			productName = UICollectionViewWithinUITableViewCell;
			productReference = 7D8BAB39256986D9001F7374 /* UICollectionViewWithinUITableViewCell.app */;
			productType = "com.apple.product-type.application";
		};
/* End PBXNativeTarget section */

/* Begin PBXProject section */
		7D8BAB31256986D9001F7374 /* Project object */ = {
			isa = PBXProject;
			attributes = {
				LastSwiftUpdateCheck = 1220;
				LastUpgradeCheck = 1220;
				TargetAttributes = {
					7D8BAB38256986D9001F7374 = {
						CreatedOnToolsVersion = 12.2;
					};
				};
			};
			buildConfigurationList = 7D8BAB34256986D9001F7374 /* Build configuration list for PBXProject "UICollectionViewWithinUITableViewCell" */;
			compatibilityVersion = "Xcode 9.3";
			developmentRegion = en;
			hasScannedForEncodings = 0;
			knownRegions = (
				en,
				Base,
			);
			mainGroup = 7D8BAB30256986D9001F7374;
			productRefGroup = 7D8BAB3A256986D9001F7374 /* Products */;
			projectDirPath = "";
			projectRoot = "";
			targets = (
				7D8BAB38256986D9001F7374 /* UICollectionViewWithinUITableViewCell */,
			);
		};
/* End PBXProject section */

/* Begin PBXResourcesBuildPhase section */
		7D8BAB37256986D9001F7374 /* Resources */ = {
			isa = PBXResourcesBuildPhase;
			buildActionMask = 2147483647;
			files = (
				7D8BAB49256986DB001F7374 /* LaunchScreen.storyboard in Resources */,
				7D8BAB46256986DB001F7374 /* Assets.xcassets in Resources */,
				7D8BAB44256986D9001F7374 /* Main.storyboard in Resources */,
				7D8BAB5D25699C7F001F7374 /* CustomTableViewCell.xib in Resources */,
				7D8BAB5725698719001F7374 /* CustomCollectionViewCell.xib in Resources */,
			);
			runOnlyForDeploymentPostprocessing = 0;
		};
/* End PBXResourcesBuildPhase section */

/* Begin PBXSourcesBuildPhase section */
		7D8BAB35256986D9001F7374 /* Sources */ = {
			isa = PBXSourcesBuildPhase;
			buildActionMask = 2147483647;
			files = (
				7D8BAB41256986D9001F7374 /* ViewController.swift in Sources */,
				7D8BAB6125699DA5001F7374 /* NameDescribable.swift in Sources */,
				7D8BAB5C25699C7F001F7374 /* CustomTableViewCell.swift in Sources */,
				7D8BAB3D256986D9001F7374 /* AppDelegate.swift in Sources */,
				7D8BAB3F256986D9001F7374 /* SceneDelegate.swift in Sources */,
				7D8BAB5625698719001F7374 /* CustomCollectionViewCell.swift in Sources */,
			);
			runOnlyForDeploymentPostprocessing = 0;
		};
/* End PBXSourcesBuildPhase section */

/* Begin PBXVariantGroup section */
		7D8BAB42256986D9001F7374 /* Main.storyboard */ = {
			isa = PBXVariantGroup;
			children = (
				7D8BAB43256986D9001F7374 /* Base */,
			);
			name = Main.storyboard;
			sourceTree = "<group>";
		};
		7D8BAB47256986DB001F7374 /* LaunchScreen.storyboard */ = {
			isa = PBXVariantGroup;
			children = (
				7D8BAB48256986DB001F7374 /* Base */,
			);
			name = LaunchScreen.storyboard;
			sourceTree = "<group>";
		};
/* End PBXVariantGroup section */

/* Begin XCBuildConfiguration section */
		7D8BAB4B256986DB001F7374 /* Debug */ = {
			isa = XCBuildConfiguration;
			buildSettings = {
				ALWAYS_SEARCH_USER_PATHS = NO;
				CLANG_ANALYZER_NONNULL = YES;
				CLANG_ANALYZER_NUMBER_OBJECT_CONVERSION = YES_AGGRESSIVE;
				CLANG_CXX_LANGUAGE_STANDARD = "gnu++14";
				CLANG_CXX_LIBRARY = "libc++";
				CLANG_ENABLE_MODULES = YES;
				CLANG_ENABLE_OBJC_ARC = YES;
				CLANG_ENABLE_OBJC_WEAK = YES;
				CLANG_WARN_BLOCK_CAPTURE_AUTORELEASING = YES;
				CLANG_WARN_BOOL_CONVERSION = YES;
				CLANG_WARN_COMMA = YES;
				CLANG_WARN_CONSTANT_CONVERSION = YES;
				CLANG_WARN_DEPRECATED_OBJC_IMPLEMENTATIONS = YES;
				CLANG_WARN_DIRECT_OBJC_ISA_USAGE = YES_ERROR;
				CLANG_WARN_DOCUMENTATION_COMMENTS = YES;
				CLANG_WARN_EMPTY_BODY = YES;
				CLANG_WARN_ENUM_CONVERSION = YES;
				CLANG_WARN_INFINITE_RECURSION = YES;
				CLANG_WARN_INT_CONVERSION = YES;
				CLANG_WARN_NON_LITERAL_NULL_CONVERSION = YES;
				CLANG_WARN_OBJC_IMPLICIT_RETAIN_SELF = YES;
				CLANG_WARN_OBJC_LITERAL_CONVERSION = YES;
				CLANG_WARN_OBJC_ROOT_CLASS = YES_ERROR;
				CLANG_WARN_QUOTED_INCLUDE_IN_FRAMEWORK_HEADER = YES;
				CLANG_WARN_RANGE_LOOP_ANALYSIS = YES;
				CLANG_WARN_STRICT_PROTOTYPES = YES;
				CLANG_WARN_SUSPICIOUS_MOVE = YES;
				CLANG_WARN_UNGUARDED_AVAILABILITY = YES_AGGRESSIVE;
				CLANG_WARN_UNREACHABLE_CODE = YES;
				CLANG_WARN__DUPLICATE_METHOD_MATCH = YES;
				COPY_PHASE_STRIP = NO;
				DEBUG_INFORMATION_FORMAT = dwarf;
				ENABLE_STRICT_OBJC_MSGSEND = YES;
				ENABLE_TESTABILITY = YES;
				GCC_C_LANGUAGE_STANDARD = gnu11;
				GCC_DYNAMIC_NO_PIC = NO;
				GCC_NO_COMMON_BLOCKS = YES;
				GCC_OPTIMIZATION_LEVEL = 0;
				GCC_PREPROCESSOR_DEFINITIONS = (
					"DEBUG=1",
					"$(inherited)",
				);
				GCC_WARN_64_TO_32_BIT_CONVERSION = YES;
				GCC_WARN_ABOUT_RETURN_TYPE = YES_ERROR;
				GCC_WARN_UNDECLARED_SELECTOR = YES;
				GCC_WARN_UNINITIALIZED_AUTOS = YES_AGGRESSIVE;
				GCC_WARN_UNUSED_FUNCTION = YES;
				GCC_WARN_UNUSED_VARIABLE = YES;
				IPHONEOS_DEPLOYMENT_TARGET = 14.2;
				MTL_ENABLE_DEBUG_INFO = INCLUDE_SOURCE;
				MTL_FAST_MATH = YES;
				ONLY_ACTIVE_ARCH = YES;
				SDKROOT = iphoneos;
				SWIFT_ACTIVE_COMPILATION_CONDITIONS = DEBUG;
				SWIFT_OPTIMIZATION_LEVEL = "-Onone";
			};
			name = Debug;
		};
		7D8BAB4C256986DB001F7374 /* Release */ = {
			isa = XCBuildConfiguration;
			buildSettings = {
				ALWAYS_SEARCH_USER_PATHS = NO;
				CLANG_ANALYZER_NONNULL = YES;
				CLANG_ANALYZER_NUMBER_OBJECT_CONVERSION = YES_AGGRESSIVE;
				CLANG_CXX_LANGUAGE_STANDARD = "gnu++14";
				CLANG_CXX_LIBRARY = "libc++";
				CLANG_ENABLE_MODULES = YES;
				CLANG_ENABLE_OBJC_ARC = YES;
				CLANG_ENABLE_OBJC_WEAK = YES;
				CLANG_WARN_BLOCK_CAPTURE_AUTORELEASING = YES;
				CLANG_WARN_BOOL_CONVERSION = YES;
				CLANG_WARN_COMMA = YES;
				CLANG_WARN_CONSTANT_CONVERSION = YES;
				CLANG_WARN_DEPRECATED_OBJC_IMPLEMENTATIONS = YES;
				CLANG_WARN_DIRECT_OBJC_ISA_USAGE = YES_ERROR;
				CLANG_WARN_DOCUMENTATION_COMMENTS = YES;
				CLANG_WARN_EMPTY_BODY = YES;
				CLANG_WARN_ENUM_CONVERSION = YES;
				CLANG_WARN_INFINITE_RECURSION = YES;
				CLANG_WARN_INT_CONVERSION = YES;
				CLANG_WARN_NON_LITERAL_NULL_CONVERSION = YES;
				CLANG_WARN_OBJC_IMPLICIT_RETAIN_SELF = YES;
				CLANG_WARN_OBJC_LITERAL_CONVERSION = YES;
				CLANG_WARN_OBJC_ROOT_CLASS = YES_ERROR;
				CLANG_WARN_QUOTED_INCLUDE_IN_FRAMEWORK_HEADER = YES;
				CLANG_WARN_RANGE_LOOP_ANALYSIS = YES;
				CLANG_WARN_STRICT_PROTOTYPES = YES;
				CLANG_WARN_SUSPICIOUS_MOVE = YES;
				CLANG_WARN_UNGUARDED_AVAILABILITY = YES_AGGRESSIVE;
				CLANG_WARN_UNREACHABLE_CODE = YES;
				CLANG_WARN__DUPLICATE_METHOD_MATCH = YES;
				COPY_PHASE_STRIP = NO;
				DEBUG_INFORMATION_FORMAT = "dwarf-with-dsym";
				ENABLE_NS_ASSERTIONS = NO;
				ENABLE_STRICT_OBJC_MSGSEND = YES;
				GCC_C_LANGUAGE_STANDARD = gnu11;
				GCC_NO_COMMON_BLOCKS = YES;
				GCC_WARN_64_TO_32_BIT_CONVERSION = YES;
				GCC_WARN_ABOUT_RETURN_TYPE = YES_ERROR;
				GCC_WARN_UNDECLARED_SELECTOR = YES;
				GCC_WARN_UNINITIALIZED_AUTOS = YES_AGGRESSIVE;
				GCC_WARN_UNUSED_FUNCTION = YES;
				GCC_WARN_UNUSED_VARIABLE = YES;
				IPHONEOS_DEPLOYMENT_TARGET = 14.2;
				MTL_ENABLE_DEBUG_INFO = NO;
				MTL_FAST_MATH = YES;
				SDKROOT = iphoneos;
				SWIFT_COMPILATION_MODE = wholemodule;
				SWIFT_OPTIMIZATION_LEVEL = "-O";
				VALIDATE_PRODUCT = YES;
			};
			name = Release;
		};
		7D8BAB4E256986DB001F7374 /* Debug */ = {
			isa = XCBuildConfiguration;
			buildSettings = {
				ASSETCATALOG_COMPILER_APPICON_NAME = AppIcon;
				ASSETCATALOG_COMPILER_GLOBAL_ACCENT_COLOR_NAME = AccentColor;
				CODE_SIGN_STYLE = Automatic;
				DEVELOPMENT_TEAM = 3HC293223J;
				INFOPLIST_FILE = UICollectionViewWithinUITableViewCell/Info.plist;
				LD_RUNPATH_SEARCH_PATHS = (
					"$(inherited)",
					"@executable_path/Frameworks",
				);
				PRODUCT_BUNDLE_IDENTIFIER = com.maysam.self.UICollectionViewWithinUITableViewCell;
				PRODUCT_NAME = "$(TARGET_NAME)";
				SWIFT_VERSION = 5.0;
				TARGETED_DEVICE_FAMILY = "1,2";
			};
			name = Debug;
		};
		7D8BAB4F256986DB001F7374 /* Release */ = {
			isa = XCBuildConfiguration;
			buildSettings = {
				ASSETCATALOG_COMPILER_APPICON_NAME = AppIcon;
				ASSETCATALOG_COMPILER_GLOBAL_ACCENT_COLOR_NAME = AccentColor;
				CODE_SIGN_STYLE = Automatic;
				DEVELOPMENT_TEAM = 3HC293223J;
				INFOPLIST_FILE = UICollectionViewWithinUITableViewCell/Info.plist;
				LD_RUNPATH_SEARCH_PATHS = (
					"$(inherited)",
					"@executable_path/Frameworks",
				);
				PRODUCT_BUNDLE_IDENTIFIER = com.maysam.self.UICollectionViewWithinUITableViewCell;
				PRODUCT_NAME = "$(TARGET_NAME)";
				SWIFT_VERSION = 5.0;
				TARGETED_DEVICE_FAMILY = "1,2";
			};
			name = Release;
		};
/* End XCBuildConfiguration section */

/* Begin XCConfigurationList section */
		7D8BAB34256986D9001F7374 /* Build configuration list for PBXProject "UICollectionViewWithinUITableViewCell" */ = {
			isa = XCConfigurationList;
			buildConfigurations = (
				7D8BAB4B256986DB001F7374 /* Debug */,
				7D8BAB4C256986DB001F7374 /* Release */,
			);
			defaultConfigurationIsVisible = 0;
			defaultConfigurationName = Release;
		};
		7D8BAB4D256986DB001F7374 /* Build configuration list for PBXNativeTarget "UICollectionViewWithinUITableViewCell" */ = {
			isa = XCConfigurationList;
			buildConfigurations = (
				7D8BAB4E256986DB001F7374 /* Debug */,
				7D8BAB4F256986DB001F7374 /* Release */,
			);
			defaultConfigurationIsVisible = 0;
			defaultConfigurationName = Release;
		};
/* End XCConfigurationList section */
	};
	rootObject = 7D8BAB31256986D9001F7374 /* Project object */;
}
